
Microsoft Visual Studio Solution File, Format Version 12.00
# Visual Studio Version 16
VisualStudioVersion = 25.0.1706.7
MinimumVisualStudioVersion = 10.0.40219.1
Project("{FAE04EC0-301F-11D3-BF4B-00C04F79EFBC}") = "CalculatorApp", "CalculatorApp\CalculatorApp.csproj", "{AB2C6850-E7AF-4D99-B2E2-68B5A2E967C4}"
EndProject
Project("{FAE04EC0-301F-11D3-BF4B-00C04F79EFBC}") = "CalculatorApp.Test", "CalculatorApp.Test\CalculatorApp.Test.csproj", "{8A0A5F8D-E4D7-4B1B-B5B7-CF147DC8B231}"
EndProject
Global
	GlobalSection(SolutionConfigurationPlatforms) = preSolution
		Debug|Any CPU = Debug|Any CPU
		Release|Any CPU = Release|Any CPU
	EndGlobalSection
	GlobalSection(ProjectConfigurationPlatforms) = postSolution
		{AB2C6850-E7AF-4D99-B2E2-68B5A2E967C4}.Debug|Any CPU.ActiveCfg = Debug|Any CPU
		{AB2C6850-E7AF-4D99-B2E2-68B5A2E967C4}.Debug|Any CPU.Build.0 = Debug|Any CPU
		{AB2C6850-E7AF-4D99-B2E2-68B5A2E967C4}.Release|Any CPU.ActiveCfg = Release|Any CPU
		{AB2C6850-E7AF-4D99-B2E2-68B5A2E967C4}.Release|Any CPU.Build.0 = Release|Any CPU
		{8A0A5F8D-E4D7-4B1B-B5B7-CF147DC8B231}.Debug|Any CPU.ActiveCfg = Debug|Any CPU
		{8A0A5F8D-E4D7-4B1B-B5B7-CF147DC8B231}.Debug|Any CPU.Build.0 = Debug|Any CPU
		{8A0A5F8D-E4D7-4B1B-B5B7-CF147DC8B231}.Release|Any CPU.ActiveCfg = Release|Any CPU
		{8A0A5F8D-E4D7-4B1B-B5B7-CF147DC8B231}.Release|Any CPU.Build.0 = Release|Any CPU
	EndGlobalSection
	GlobalSection(SolutionProperties) = preSolution
		HideSolutionNode = FALSE
	EndGlobalSection
	GlobalSection(ExtensibilityGlobals) = postSolution
		SolutionGuid = {4BEEEC22-2728-47B8-BDF2-7A27A2FE4491}
	EndGlobalSection
EndGlobal
